// !$*UTF8*$!
{
	archiveVersion = 1;
	classes = {
	};
	objectVersion = 55;
	objects = {

/* Begin PBXBuildFile section */
		50E32024282BAE8600B46865 /* AppDelegate.swift in Sources */ = {isa = PBXBuildFile; fileRef = 50E32023282BAE8600B46865 /* AppDelegate.swift */; };
		50E32026282BAE8600B46865 /* SceneDelegate.swift in Sources */ = {isa = PBXBuildFile; fileRef = 50E32025282BAE8600B46865 /* SceneDelegate.swift */; };
		50E3202D282BAE8800B46865 /* Assets.xcassets in Resources */ = {isa = PBXBuildFile; fileRef = 50E3202C282BAE8800B46865 /* Assets.xcassets */; };
		50E32030282BAE8800B46865 /* LaunchScreen.storyboard in Resources */ = {isa = PBXBuildFile; fileRef = 50E3202E282BAE8800B46865 /* LaunchScreen.storyboard */; };
		50E3203B282BAE8800B46865 /* Rxeos_ioTests.swift in Sources */ = {isa = PBXBuildFile; fileRef = 50E3203A282BAE8800B46865 /* Rxeos_ioTests.swift */; };
		50E32045282BAE8800B46865 /* Rxeos_ioUITests.swift in Sources */ = {isa = PBXBuildFile; fileRef = 50E32044282BAE8800B46865 /* Rxeos_ioUITests.swift */; };
		50E32047282BAE8800B46865 /* Rxeos_ioUITestsLaunchTests.swift in Sources */ = {isa = PBXBuildFile; fileRef = 50E32046282BAE8800B46865 /* Rxeos_ioUITestsLaunchTests.swift */; };
		50E32059282BAF9900B46865 /* SearchViewController.swift in Sources */ = {isa = PBXBuildFile; fileRef = 50E32057282BAF9900B46865 /* SearchViewController.swift */; };
		50E3205A282BAF9900B46865 /* SearchViewController.xib in Resources */ = {isa = PBXBuildFile; fileRef = 50E32058282BAF9900B46865 /* SearchViewController.xib */; };
		50E3205D282BAFB200B46865 /* SearchViewModel.swift in Sources */ = {isa = PBXBuildFile; fileRef = 50E3205C282BAFB200B46865 /* SearchViewModel.swift */; };
		50E32060282BAFD100B46865 /* AnyViewModel.swift in Sources */ = {isa = PBXBuildFile; fileRef = 50E3205F282BAFD100B46865 /* AnyViewModel.swift */; };
		50E32062282BB0AF00B46865 /* AppCoordinator.swift in Sources */ = {isa = PBXBuildFile; fileRef = 50E32061282BB0AF00B46865 /* AppCoordinator.swift */; };
		50E32067282BB30600B46865 /* RxCocoa in Frameworks */ = {isa = PBXBuildFile; productRef = 50E32066282BB30600B46865 /* RxCocoa */; };
		50E32069282BB30600B46865 /* RxSwift in Frameworks */ = {isa = PBXBuildFile; productRef = 50E32068282BB30600B46865 /* RxSwift */; };
		50E32072282BCD4D00B46865 /* AnyAPIService.swift in Sources */ = {isa = PBXBuildFile; fileRef = 50E32071282BCD4D00B46865 /* AnyAPIService.swift */; };
		50E32075282BCD7400B46865 /* GetAccountLimitDTO.swift in Sources */ = {isa = PBXBuildFile; fileRef = 50E32074282BCD7400B46865 /* GetAccountLimitDTO.swift */; };
		50E32077282BCD8600B46865 /* GetAccountResponseDTO.swift in Sources */ = {isa = PBXBuildFile; fileRef = 50E32076282BCD8600B46865 /* GetAccountResponseDTO.swift */; };
/* End PBXBuildFile section */

/* Begin PBXContainerItemProxy section */
		50E32037282BAE8800B46865 /* PBXContainerItemProxy */ = {
			isa = PBXContainerItemProxy;
			containerPortal = 50E32018282BAE8600B46865 /* Project object */;
			proxyType = 1;
			remoteGlobalIDString = 50E3201F282BAE8600B46865;
			remoteInfo = Rxeos.io;
		};
		50E32041282BAE8800B46865 /* PBXContainerItemProxy */ = {
			isa = PBXContainerItemProxy;
			containerPortal = 50E32018282BAE8600B46865 /* Project object */;
			proxyType = 1;
			remoteGlobalIDString = 50E3201F282BAE8600B46865;
			remoteInfo = Rxeos.io;
		};
/* End PBXContainerItemProxy section */

/* Begin PBXFileReference section */
		50E32020282BAE8600B46865 /* Rxeos.io.app */ = {isa = PBXFileReference; explicitFileType = wrapper.application; includeInIndex = 0; path = Rxeos.io.app; sourceTree = BUILT_PRODUCTS_DIR; };
		50E32023282BAE8600B46865 /* AppDelegate.swift */ = {isa = PBXFileReference; lastKnownFileType = sourcecode.swift; path = AppDelegate.swift; sourceTree = "<group>"; };
		50E32025282BAE8600B46865 /* SceneDelegate.swift */ = {isa = PBXFileReference; lastKnownFileType = sourcecode.swift; path = SceneDelegate.swift; sourceTree = "<group>"; };
		50E3202C282BAE8800B46865 /* Assets.xcassets */ = {isa = PBXFileReference; lastKnownFileType = folder.assetcatalog; path = Assets.xcassets; sourceTree = "<group>"; };
		50E3202F282BAE8800B46865 /* Base */ = {isa = PBXFileReference; lastKnownFileType = file.storyboard; name = Base; path = Base.lproj/LaunchScreen.storyboard; sourceTree = "<group>"; };
		50E32031282BAE8800B46865 /* Info.plist */ = {isa = PBXFileReference; lastKnownFileType = text.plist.xml; path = Info.plist; sourceTree = "<group>"; };
		50E32036282BAE8800B46865 /* Rxeos.ioTests.xctest */ = {isa = PBXFileReference; explicitFileType = wrapper.cfbundle; includeInIndex = 0; path = Rxeos.ioTests.xctest; sourceTree = BUILT_PRODUCTS_DIR; };
		50E3203A282BAE8800B46865 /* Rxeos_ioTests.swift */ = {isa = PBXFileReference; lastKnownFileType = sourcecode.swift; path = Rxeos_ioTests.swift; sourceTree = "<group>"; };
		50E32040282BAE8800B46865 /* Rxeos.ioUITests.xctest */ = {isa = PBXFileReference; explicitFileType = wrapper.cfbundle; includeInIndex = 0; path = Rxeos.ioUITests.xctest; sourceTree = BUILT_PRODUCTS_DIR; };
		50E32044282BAE8800B46865 /* Rxeos_ioUITests.swift */ = {isa = PBXFileReference; lastKnownFileType = sourcecode.swift; path = Rxeos_ioUITests.swift; sourceTree = "<group>"; };
		50E32046282BAE8800B46865 /* Rxeos_ioUITestsLaunchTests.swift */ = {isa = PBXFileReference; lastKnownFileType = sourcecode.swift; path = Rxeos_ioUITestsLaunchTests.swift; sourceTree = "<group>"; };
		50E32057282BAF9900B46865 /* SearchViewController.swift */ = {isa = PBXFileReference; lastKnownFileType = sourcecode.swift; path = SearchViewController.swift; sourceTree = "<group>"; };
		50E32058282BAF9900B46865 /* SearchViewController.xib */ = {isa = PBXFileReference; lastKnownFileType = file.xib; path = SearchViewController.xib; sourceTree = "<group>"; };
		50E3205C282BAFB200B46865 /* SearchViewModel.swift */ = {isa = PBXFileReference; lastKnownFileType = sourcecode.swift; path = SearchViewModel.swift; sourceTree = "<group>"; };
		50E3205F282BAFD100B46865 /* AnyViewModel.swift */ = {isa = PBXFileReference; lastKnownFileType = sourcecode.swift; path = AnyViewModel.swift; sourceTree = "<group>"; };
		50E32061282BB0AF00B46865 /* AppCoordinator.swift */ = {isa = PBXFileReference; lastKnownFileType = sourcecode.swift; path = AppCoordinator.swift; sourceTree = "<group>"; };
		50E32071282BCD4D00B46865 /* AnyAPIService.swift */ = {isa = PBXFileReference; lastKnownFileType = sourcecode.swift; path = AnyAPIService.swift; sourceTree = "<group>"; };
		50E32074282BCD7400B46865 /* GetAccountLimitDTO.swift */ = {isa = PBXFileReference; lastKnownFileType = sourcecode.swift; path = GetAccountLimitDTO.swift; sourceTree = "<group>"; };
		50E32076282BCD8600B46865 /* GetAccountResponseDTO.swift */ = {isa = PBXFileReference; lastKnownFileType = sourcecode.swift; path = GetAccountResponseDTO.swift; sourceTree = "<group>"; };
/* End PBXFileReference section */

/* Begin PBXFrameworksBuildPhase section */
		50E3201D282BAE8600B46865 /* Frameworks */ = {
			isa = PBXFrameworksBuildPhase;
			buildActionMask = 2147483647;
			files = (
				50E32069282BB30600B46865 /* RxSwift in Frameworks */,
				50E32067282BB30600B46865 /* RxCocoa in Frameworks */,
			);
			runOnlyForDeploymentPostprocessing = 0;
		};
		50E32033282BAE8800B46865 /* Frameworks */ = {
			isa = PBXFrameworksBuildPhase;
			buildActionMask = 2147483647;
			files = (
			);
			runOnlyForDeploymentPostprocessing = 0;
		};
		50E3203D282BAE8800B46865 /* Frameworks */ = {
			isa = PBXFrameworksBuildPhase;
			buildActionMask = 2147483647;
			files = (
			);
			runOnlyForDeploymentPostprocessing = 0;
		};
/* End PBXFrameworksBuildPhase section */

/* Begin PBXGroup section */
		50E32017282BAE8600B46865 = {
			isa = PBXGroup;
			children = (
				50E32022282BAE8600B46865 /* Rxeos.io */,
				50E32039282BAE8800B46865 /* Rxeos.ioTests */,
				50E32043282BAE8800B46865 /* Rxeos.ioUITests */,
				50E32021282BAE8600B46865 /* Products */,
			);
			sourceTree = "<group>";
		};
		50E32021282BAE8600B46865 /* Products */ = {
			isa = PBXGroup;
			children = (
				50E32020282BAE8600B46865 /* Rxeos.io.app */,
				50E32036282BAE8800B46865 /* Rxeos.ioTests.xctest */,
				50E32040282BAE8800B46865 /* Rxeos.ioUITests.xctest */,
			);
			name = Products;
			sourceTree = "<group>";
		};
		50E32022282BAE8600B46865 /* Rxeos.io */ = {
			isa = PBXGroup;
			children = (
				50E32053282BAE9200B46865 /* App */,
				50E32055282BAEAA00B46865 /* Presentation */,
				50E32054282BAE9C00B46865 /* Resources */,
				50E32070282BCD1B00B46865 /* Services */,
			);
			path = Rxeos.io;
			sourceTree = "<group>";
		};
		50E32039282BAE8800B46865 /* Rxeos.ioTests */ = {
			isa = PBXGroup;
			children = (
				50E3203A282BAE8800B46865 /* Rxeos_ioTests.swift */,
			);
			path = Rxeos.ioTests;
			sourceTree = "<group>";
		};
		50E32043282BAE8800B46865 /* Rxeos.ioUITests */ = {
			isa = PBXGroup;
			children = (
				50E32044282BAE8800B46865 /* Rxeos_ioUITests.swift */,
				50E32046282BAE8800B46865 /* Rxeos_ioUITestsLaunchTests.swift */,
			);
			path = Rxeos.ioUITests;
			sourceTree = "<group>";
		};
		50E32053282BAE9200B46865 /* App */ = {
			isa = PBXGroup;
			children = (
				50E32023282BAE8600B46865 /* AppDelegate.swift */,
				50E32025282BAE8600B46865 /* SceneDelegate.swift */,
				50E32061282BB0AF00B46865 /* AppCoordinator.swift */,
			);
			path = App;
			sourceTree = "<group>";
		};
		50E32054282BAE9C00B46865 /* Resources */ = {
			isa = PBXGroup;
			children = (
				50E3202C282BAE8800B46865 /* Assets.xcassets */,
				50E3202E282BAE8800B46865 /* LaunchScreen.storyboard */,
				50E32031282BAE8800B46865 /* Info.plist */,
			);
			path = Resources;
			sourceTree = "<group>";
		};
		50E32055282BAEAA00B46865 /* Presentation */ = {
			isa = PBXGroup;
			children = (
				50E3205E282BAFC700B46865 /* Base */,
				50E32056282BAF8300B46865 /* Search */,
			);
			path = Presentation;
			sourceTree = "<group>";
		};
		50E32056282BAF8300B46865 /* Search */ = {
			isa = PBXGroup;
			children = (
				50E32057282BAF9900B46865 /* SearchViewController.swift */,
				50E32058282BAF9900B46865 /* SearchViewController.xib */,
				50E3205C282BAFB200B46865 /* SearchViewModel.swift */,
			);
			path = Search;
			sourceTree = "<group>";
		};
		50E3205E282BAFC700B46865 /* Base */ = {
			isa = PBXGroup;
			children = (
				50E3205F282BAFD100B46865 /* AnyViewModel.swift */,
			);
			path = Base;
			sourceTree = "<group>";
		};
		50E32070282BCD1B00B46865 /* Services */ = {
			isa = PBXGroup;
			children = (
				50E32073282BCD5F00B46865 /* Models */,
				50E32071282BCD4D00B46865 /* AnyAPIService.swift */,
			);
			path = Services;
			sourceTree = "<group>";
		};
		50E32073282BCD5F00B46865 /* Models */ = {
			isa = PBXGroup;
			children = (
				50E32074282BCD7400B46865 /* GetAccountLimitDTO.swift */,
				50E32076282BCD8600B46865 /* GetAccountResponseDTO.swift */,
			);
			path = Models;
			sourceTree = "<group>";
		};
/* End PBXGroup section */

/* Begin PBXNativeTarget section */
		50E3201F282BAE8600B46865 /* Rxeos.io */ = {
			isa = PBXNativeTarget;
			buildConfigurationList = 50E3204A282BAE8800B46865 /* Build configuration list for PBXNativeTarget "Rxeos.io" */;
			buildPhases = (
				50E3201C282BAE8600B46865 /* Sources */,
				50E3201D282BAE8600B46865 /* Frameworks */,
				50E3201E282BAE8600B46865 /* Resources */,
			);
			buildRules = (
			);
			dependencies = (
			);
			name = Rxeos.io;
			packageProductDependencies = (
				50E32066282BB30600B46865 /* RxCocoa */,
				50E32068282BB30600B46865 /* RxSwift */,
			);
			productName = Rxeos.io;
			productReference = 50E32020282BAE8600B46865 /* Rxeos.io.app */;
			productType = "com.apple.product-type.application";
		};
		50E32035282BAE8800B46865 /* Rxeos.ioTests */ = {
			isa = PBXNativeTarget;
			buildConfigurationList = 50E3204D282BAE8800B46865 /* Build configuration list for PBXNativeTarget "Rxeos.ioTests" */;
			buildPhases = (
				50E32032282BAE8800B46865 /* Sources */,
				50E32033282BAE8800B46865 /* Frameworks */,
				50E32034282BAE8800B46865 /* Resources */,
			);
			buildRules = (
			);
			dependencies = (
				50E3206D282BB32100B46865 /* PBXTargetDependency */,
				50E3206F282BB32100B46865 /* PBXTargetDependency */,
				50E32038282BAE8800B46865 /* PBXTargetDependency */,
			);
			name = Rxeos.ioTests;
			productName = Rxeos.ioTests;
			productReference = 50E32036282BAE8800B46865 /* Rxeos.ioTests.xctest */;
			productType = "com.apple.product-type.bundle.unit-test";
		};
		50E3203F282BAE8800B46865 /* Rxeos.ioUITests */ = {
			isa = PBXNativeTarget;
			buildConfigurationList = 50E32050282BAE8800B46865 /* Build configuration list for PBXNativeTarget "Rxeos.ioUITests" */;
			buildPhases = (
				50E3203C282BAE8800B46865 /* Sources */,
				50E3203D282BAE8800B46865 /* Frameworks */,
				50E3203E282BAE8800B46865 /* Resources */,
			);
			buildRules = (
			);
			dependencies = (
				50E32042282BAE8800B46865 /* PBXTargetDependency */,
			);
			name = Rxeos.ioUITests;
			productName = Rxeos.ioUITests;
			productReference = 50E32040282BAE8800B46865 /* Rxeos.ioUITests.xctest */;
			productType = "com.apple.product-type.bundle.ui-testing";
		};
/* End PBXNativeTarget section */

/* Begin PBXProject section */
		50E32018282BAE8600B46865 /* Project object */ = {
			isa = PBXProject;
			attributes = {
				BuildIndependentTargetsInParallel = 1;
				LastSwiftUpdateCheck = 1330;
				LastUpgradeCheck = 1330;
				TargetAttributes = {
					50E3201F282BAE8600B46865 = {
						CreatedOnToolsVersion = 13.3.1;
					};
					50E32035282BAE8800B46865 = {
						CreatedOnToolsVersion = 13.3.1;
						TestTargetID = 50E3201F282BAE8600B46865;
					};
					50E3203F282BAE8800B46865 = {
						CreatedOnToolsVersion = 13.3.1;
						TestTargetID = 50E3201F282BAE8600B46865;
					};
				};
			};
			buildConfigurationList = 50E3201B282BAE8600B46865 /* Build configuration list for PBXProject "Rxeos.io" */;
			compatibilityVersion = "Xcode 13.0";
			developmentRegion = en;
			hasScannedForEncodings = 0;
			knownRegions = (
				en,
				Base,
			);
			mainGroup = 50E32017282BAE8600B46865;
			packageReferences = (
				50E32063282BB30600B46865 /* XCRemoteSwiftPackageReference "RxSwift" */,
			);
			productRefGroup = 50E32021282BAE8600B46865 /* Products */;
			projectDirPath = "";
			projectRoot = "";
			targets = (
				50E3201F282BAE8600B46865 /* Rxeos.io */,
				50E32035282BAE8800B46865 /* Rxeos.ioTests */,
				50E3203F282BAE8800B46865 /* Rxeos.ioUITests */,
			);
		};
/* End PBXProject section */

/* Begin PBXResourcesBuildPhase section */
		50E3201E282BAE8600B46865 /* Resources */ = {
			isa = PBXResourcesBuildPhase;
			buildActionMask = 2147483647;
			files = (
				50E32030282BAE8800B46865 /* LaunchScreen.storyboard in Resources */,
				50E3202D282BAE8800B46865 /* Assets.xcassets in Resources */,
				50E3205A282BAF9900B46865 /* SearchViewController.xib in Resources */,
			);
			runOnlyForDeploymentPostprocessing = 0;
		};
		50E32034282BAE8800B46865 /* Resources */ = {
			isa = PBXResourcesBuildPhase;
			buildActionMask = 2147483647;
			files = (
			);
			runOnlyForDeploymentPostprocessing = 0;
		};
		50E3203E282BAE8800B46865 /* Resources */ = {
			isa = PBXResourcesBuildPhase;
			buildActionMask = 2147483647;
			files = (
			);
			runOnlyForDeploymentPostprocessing = 0;
		};
/* End PBXResourcesBuildPhase section */

/* Begin PBXSourcesBuildPhase section */
		50E3201C282BAE8600B46865 /* Sources */ = {
			isa = PBXSourcesBuildPhase;
			buildActionMask = 2147483647;
			files = (
				50E32062282BB0AF00B46865 /* AppCoordinator.swift in Sources */,
				50E32059282BAF9900B46865 /* SearchViewController.swift in Sources */,
				50E32072282BCD4D00B46865 /* AnyAPIService.swift in Sources */,
				50E32024282BAE8600B46865 /* AppDelegate.swift in Sources */,
				50E3205D282BAFB200B46865 /* SearchViewModel.swift in Sources */,
				50E32060282BAFD100B46865 /* AnyViewModel.swift in Sources */,
				50E32075282BCD7400B46865 /* GetAccountLimitDTO.swift in Sources */,
				50E32026282BAE8600B46865 /* SceneDelegate.swift in Sources */,
				50E32077282BCD8600B46865 /* GetAccountResponseDTO.swift in Sources */,
			);
			runOnlyForDeploymentPostprocessing = 0;
		};
		50E32032282BAE8800B46865 /* Sources */ = {
			isa = PBXSourcesBuildPhase;
			buildActionMask = 2147483647;
			files = (
				50E3203B282BAE8800B46865 /* Rxeos_ioTests.swift in Sources */,
			);
			runOnlyForDeploymentPostprocessing = 0;
		};
		50E3203C282BAE8800B46865 /* Sources */ = {
			isa = PBXSourcesBuildPhase;
			buildActionMask = 2147483647;
			files = (
				50E32047282BAE8800B46865 /* Rxeos_ioUITestsLaunchTests.swift in Sources */,
				50E32045282BAE8800B46865 /* Rxeos_ioUITests.swift in Sources */,
			);
			runOnlyForDeploymentPostprocessing = 0;
		};
/* End PBXSourcesBuildPhase section */

/* Begin PBXTargetDependency section */
		50E32038282BAE8800B46865 /* PBXTargetDependency */ = {
			isa = PBXTargetDependency;
			target = 50E3201F282BAE8600B46865 /* Rxeos.io */;
			targetProxy = 50E32037282BAE8800B46865 /* PBXContainerItemProxy */;
		};
		50E32042282BAE8800B46865 /* PBXTargetDependency */ = {
			isa = PBXTargetDependency;
			target = 50E3201F282BAE8600B46865 /* Rxeos.io */;
			targetProxy = 50E32041282BAE8800B46865 /* PBXContainerItemProxy */;
		};
		50E3206D282BB32100B46865 /* PBXTargetDependency */ = {
			isa = PBXTargetDependency;
			productRef = 50E3206C282BB32100B46865 /* RxBlocking */;
		};
		50E3206F282BB32100B46865 /* PBXTargetDependency */ = {
			isa = PBXTargetDependency;
			productRef = 50E3206E282BB32100B46865 /* RxTest */;
		};
/* End PBXTargetDependency section */

/* Begin PBXVariantGroup section */
		50E3202E282BAE8800B46865 /* LaunchScreen.storyboard */ = {
			isa = PBXVariantGroup;
			children = (
				50E3202F282BAE8800B46865 /* Base */,
			);
			name = LaunchScreen.storyboard;
			sourceTree = "<group>";
		};
/* End PBXVariantGroup section */

/* Begin XCBuildConfiguration section */
		50E32048282BAE8800B46865 /* Debug */ = {
			isa = XCBuildConfiguration;
			buildSettings = {
				ALWAYS_SEARCH_USER_PATHS = NO;
				CLANG_ANALYZER_NONNULL = YES;
				CLANG_ANALYZER_NUMBER_OBJECT_CONVERSION = YES_AGGRESSIVE;
				CLANG_CXX_LANGUAGE_STANDARD = "gnu++17";
				CLANG_ENABLE_MODULES = YES;
				CLANG_ENABLE_OBJC_ARC = YES;
				CLANG_ENABLE_OBJC_WEAK = YES;
				CLANG_WARN_BLOCK_CAPTURE_AUTORELEASING = YES;
				CLANG_WARN_BOOL_CONVERSION = YES;
				CLANG_WARN_COMMA = YES;
				CLANG_WARN_CONSTANT_CONVERSION = YES;
				CLANG_WARN_DEPRECATED_OBJC_IMPLEMENTATIONS = YES;
				CLANG_WARN_DIRECT_OBJC_ISA_USAGE = YES_ERROR;
				CLANG_WARN_DOCUMENTATION_COMMENTS = YES;
				CLANG_WARN_EMPTY_BODY = YES;
				CLANG_WARN_ENUM_CONVERSION = YES;
				CLANG_WARN_INFINITE_RECURSION = YES;
				CLANG_WARN_INT_CONVERSION = YES;
				CLANG_WARN_NON_LITERAL_NULL_CONVERSION = YES;
				CLANG_WARN_OBJC_IMPLICIT_RETAIN_SELF = YES;
				CLANG_WARN_OBJC_LITERAL_CONVERSION = YES;
				CLANG_WARN_OBJC_ROOT_CLASS = YES_ERROR;
				CLANG_WARN_QUOTED_INCLUDE_IN_FRAMEWORK_HEADER = YES;
				CLANG_WARN_RANGE_LOOP_ANALYSIS = YES;
				CLANG_WARN_STRICT_PROTOTYPES = YES;
				CLANG_WARN_SUSPICIOUS_MOVE = YES;
				CLANG_WARN_UNGUARDED_AVAILABILITY = YES_AGGRESSIVE;
				CLANG_WARN_UNREACHABLE_CODE = YES;
				CLANG_WARN__DUPLICATE_METHOD_MATCH = YES;
				COPY_PHASE_STRIP = NO;
				DEBUG_INFORMATION_FORMAT = dwarf;
				ENABLE_STRICT_OBJC_MSGSEND = YES;
				ENABLE_TESTABILITY = YES;
				GCC_C_LANGUAGE_STANDARD = gnu11;
				GCC_DYNAMIC_NO_PIC = NO;
				GCC_NO_COMMON_BLOCKS = YES;
				GCC_OPTIMIZATION_LEVEL = 0;
				GCC_PREPROCESSOR_DEFINITIONS = (
					"DEBUG=1",
					"$(inherited)",
				);
				GCC_WARN_64_TO_32_BIT_CONVERSION = YES;
				GCC_WARN_ABOUT_RETURN_TYPE = YES_ERROR;
				GCC_WARN_UNDECLARED_SELECTOR = YES;
				GCC_WARN_UNINITIALIZED_AUTOS = YES_AGGRESSIVE;
				GCC_WARN_UNUSED_FUNCTION = YES;
				GCC_WARN_UNUSED_VARIABLE = YES;
				IPHONEOS_DEPLOYMENT_TARGET = 15.4;
				MTL_ENABLE_DEBUG_INFO = INCLUDE_SOURCE;
				MTL_FAST_MATH = YES;
				ONLY_ACTIVE_ARCH = YES;
				SDKROOT = iphoneos;
				SWIFT_ACTIVE_COMPILATION_CONDITIONS = DEBUG;
				SWIFT_OPTIMIZATION_LEVEL = "-Onone";
			};
			name = Debug;
		};
		50E32049282BAE8800B46865 /* Release */ = {
			isa = XCBuildConfiguration;
			buildSettings = {
				ALWAYS_SEARCH_USER_PATHS = NO;
				CLANG_ANALYZER_NONNULL = YES;
				CLANG_ANALYZER_NUMBER_OBJECT_CONVERSION = YES_AGGRESSIVE;
				CLANG_CXX_LANGUAGE_STANDARD = "gnu++17";
				CLANG_ENABLE_MODULES = YES;
				CLANG_ENABLE_OBJC_ARC = YES;
				CLANG_ENABLE_OBJC_WEAK = YES;
				CLANG_WARN_BLOCK_CAPTURE_AUTORELEASING = YES;
				CLANG_WARN_BOOL_CONVERSION = YES;
				CLANG_WARN_COMMA = YES;
				CLANG_WARN_CONSTANT_CONVERSION = YES;
				CLANG_WARN_DEPRECATED_OBJC_IMPLEMENTATIONS = YES;
				CLANG_WARN_DIRECT_OBJC_ISA_USAGE = YES_ERROR;
				CLANG_WARN_DOCUMENTATION_COMMENTS = YES;
				CLANG_WARN_EMPTY_BODY = YES;
				CLANG_WARN_ENUM_CONVERSION = YES;
				CLANG_WARN_INFINITE_RECURSION = YES;
				CLANG_WARN_INT_CONVERSION = YES;
				CLANG_WARN_NON_LITERAL_NULL_CONVERSION = YES;
				CLANG_WARN_OBJC_IMPLICIT_RETAIN_SELF = YES;
				CLANG_WARN_OBJC_LITERAL_CONVERSION = YES;
				CLANG_WARN_OBJC_ROOT_CLASS = YES_ERROR;
				CLANG_WARN_QUOTED_INCLUDE_IN_FRAMEWORK_HEADER = YES;
				CLANG_WARN_RANGE_LOOP_ANALYSIS = YES;
				CLANG_WARN_STRICT_PROTOTYPES = YES;
				CLANG_WARN_SUSPICIOUS_MOVE = YES;
				CLANG_WARN_UNGUARDED_AVAILABILITY = YES_AGGRESSIVE;
				CLANG_WARN_UNREACHABLE_CODE = YES;
				CLANG_WARN__DUPLICATE_METHOD_MATCH = YES;
				COPY_PHASE_STRIP = NO;
				DEBUG_INFORMATION_FORMAT = "dwarf-with-dsym";
				ENABLE_NS_ASSERTIONS = NO;
				ENABLE_STRICT_OBJC_MSGSEND = YES;
				GCC_C_LANGUAGE_STANDARD = gnu11;
				GCC_NO_COMMON_BLOCKS = YES;
				GCC_WARN_64_TO_32_BIT_CONVERSION = YES;
				GCC_WARN_ABOUT_RETURN_TYPE = YES_ERROR;
				GCC_WARN_UNDECLARED_SELECTOR = YES;
				GCC_WARN_UNINITIALIZED_AUTOS = YES_AGGRESSIVE;
				GCC_WARN_UNUSED_FUNCTION = YES;
				GCC_WARN_UNUSED_VARIABLE = YES;
				IPHONEOS_DEPLOYMENT_TARGET = 15.4;
				MTL_ENABLE_DEBUG_INFO = NO;
				MTL_FAST_MATH = YES;
				SDKROOT = iphoneos;
				SWIFT_COMPILATION_MODE = wholemodule;
				SWIFT_OPTIMIZATION_LEVEL = "-O";
				VALIDATE_PRODUCT = YES;
			};
			name = Release;
		};
		50E3204B282BAE8800B46865 /* Debug */ = {
			isa = XCBuildConfiguration;
			buildSettings = {
				ASSETCATALOG_COMPILER_APPICON_NAME = AppIcon;
				ASSETCATALOG_COMPILER_GLOBAL_ACCENT_COLOR_NAME = AccentColor;
				CODE_SIGN_STYLE = Automatic;
				CURRENT_PROJECT_VERSION = 1;
				DEVELOPMENT_TEAM = 7FGAFC5ZWR;
				GENERATE_INFOPLIST_FILE = YES;
				INFOPLIST_FILE = Rxeos.io/Resources/Info.plist;
				INFOPLIST_KEY_UIApplicationSupportsIndirectInputEvents = YES;
				INFOPLIST_KEY_UILaunchStoryboardName = LaunchScreen;
				INFOPLIST_KEY_UISupportedInterfaceOrientations_iPad = "UIInterfaceOrientationPortrait UIInterfaceOrientationPortraitUpsideDown UIInterfaceOrientationLandscapeLeft UIInterfaceOrientationLandscapeRight";
				INFOPLIST_KEY_UISupportedInterfaceOrientations_iPhone = "UIInterfaceOrientationPortrait UIInterfaceOrientationLandscapeLeft UIInterfaceOrientationLandscapeRight";
				LD_RUNPATH_SEARCH_PATHS = (
					"$(inherited)",
					"@executable_path/Frameworks",
				);
				MARKETING_VERSION = 1.0;
				PRODUCT_BUNDLE_IDENTIFIER = "com.tzatzom.Rxeos-io";
				PRODUCT_NAME = "$(TARGET_NAME)";
				SWIFT_EMIT_LOC_STRINGS = YES;
				SWIFT_VERSION = 5.0;
				TARGETED_DEVICE_FAMILY = "1,2";
			};
			name = Debug;
		};
		50E3204C282BAE8800B46865 /* Release */ = {
			isa = XCBuildConfiguration;
			buildSettings = {
				ASSETCATALOG_COMPILER_APPICON_NAME = AppIcon;
				ASSETCATALOG_COMPILER_GLOBAL_ACCENT_COLOR_NAME = AccentColor;
				CODE_SIGN_STYLE = Automatic;
				CURRENT_PROJECT_VERSION = 1;
				DEVELOPMENT_TEAM = 7FGAFC5ZWR;
				GENERATE_INFOPLIST_FILE = YES;
				INFOPLIST_FILE = Rxeos.io/Resources/Info.plist;
				INFOPLIST_KEY_UIApplicationSupportsIndirectInputEvents = YES;
				INFOPLIST_KEY_UILaunchStoryboardName = LaunchScreen;
				INFOPLIST_KEY_UISupportedInterfaceOrientations_iPad = "UIInterfaceOrientationPortrait UIInterfaceOrientationPortraitUpsideDown UIInterfaceOrientationLandscapeLeft UIInterfaceOrientationLandscapeRight";
				INFOPLIST_KEY_UISupportedInterfaceOrientations_iPhone = "UIInterfaceOrientationPortrait UIInterfaceOrientationLandscapeLeft UIInterfaceOrientationLandscapeRight";
				LD_RUNPATH_SEARCH_PATHS = (
					"$(inherited)",
					"@executable_path/Frameworks",
				);
				MARKETING_VERSION = 1.0;
				PRODUCT_BUNDLE_IDENTIFIER = "com.tzatzom.Rxeos-io";
				PRODUCT_NAME = "$(TARGET_NAME)";
				SWIFT_EMIT_LOC_STRINGS = YES;
				SWIFT_VERSION = 5.0;
				TARGETED_DEVICE_FAMILY = "1,2";
			};
			name = Release;
		};
		50E3204E282BAE8800B46865 /* Debug */ = {
			isa = XCBuildConfiguration;
			buildSettings = {
				ALWAYS_EMBED_SWIFT_STANDARD_LIBRARIES = YES;
				BUNDLE_LOADER = "$(TEST_HOST)";
				CODE_SIGN_STYLE = Automatic;
				CURRENT_PROJECT_VERSION = 1;
				DEVELOPMENT_TEAM = 7FGAFC5ZWR;
				GENERATE_INFOPLIST_FILE = YES;
				IPHONEOS_DEPLOYMENT_TARGET = 15.4;
				MARKETING_VERSION = 1.0;
				PRODUCT_BUNDLE_IDENTIFIER = "com.tzatzom.Rxeos-ioTests";
				PRODUCT_NAME = "$(TARGET_NAME)";
				SWIFT_EMIT_LOC_STRINGS = NO;
				SWIFT_VERSION = 5.0;
				TARGETED_DEVICE_FAMILY = "1,2";
				TEST_HOST = "$(BUILT_PRODUCTS_DIR)/Rxeos.io.app/Rxeos.io";
			};
			name = Debug;
		};
		50E3204F282BAE8800B46865 /* Release */ = {
			isa = XCBuildConfiguration;
			buildSettings = {
				ALWAYS_EMBED_SWIFT_STANDARD_LIBRARIES = YES;
				BUNDLE_LOADER = "$(TEST_HOST)";
				CODE_SIGN_STYLE = Automatic;
				CURRENT_PROJECT_VERSION = 1;
				DEVELOPMENT_TEAM = 7FGAFC5ZWR;
				GENERATE_INFOPLIST_FILE = YES;
				IPHONEOS_DEPLOYMENT_TARGET = 15.4;
				MARKETING_VERSION = 1.0;
				PRODUCT_BUNDLE_IDENTIFIER = "com.tzatzom.Rxeos-ioTests";
				PRODUCT_NAME = "$(TARGET_NAME)";
				SWIFT_EMIT_LOC_STRINGS = NO;
				SWIFT_VERSION = 5.0;
				TARGETED_DEVICE_FAMILY = "1,2";
				TEST_HOST = "$(BUILT_PRODUCTS_DIR)/Rxeos.io.app/Rxeos.io";
			};
			name = Release;
		};
		50E32051282BAE8800B46865 /* Debug */ = {
			isa = XCBuildConfiguration;
			buildSettings = {
				ALWAYS_EMBED_SWIFT_STANDARD_LIBRARIES = YES;
				CODE_SIGN_STYLE = Automatic;
				CURRENT_PROJECT_VERSION = 1;
				DEVELOPMENT_TEAM = 7FGAFC5ZWR;
				GENERATE_INFOPLIST_FILE = YES;
				MARKETING_VERSION = 1.0;
				PRODUCT_BUNDLE_IDENTIFIER = "com.tzatzom.Rxeos-ioUITests";
				PRODUCT_NAME = "$(TARGET_NAME)";
				SWIFT_EMIT_LOC_STRINGS = NO;
				SWIFT_VERSION = 5.0;
				TARGETED_DEVICE_FAMILY = "1,2";
				TEST_TARGET_NAME = Rxeos.io;
			};
			name = Debug;
		};
		50E32052282BAE8800B46865 /* Release */ = {
			isa = XCBuildConfiguration;
			buildSettings = {
				ALWAYS_EMBED_SWIFT_STANDARD_LIBRARIES = YES;
				CODE_SIGN_STYLE = Automatic;
				CURRENT_PROJECT_VERSION = 1;
				DEVELOPMENT_TEAM = 7FGAFC5ZWR;
				GENERATE_INFOPLIST_FILE = YES;
				MARKETING_VERSION = 1.0;
				PRODUCT_BUNDLE_IDENTIFIER = "com.tzatzom.Rxeos-ioUITests";
				PRODUCT_NAME = "$(TARGET_NAME)";
				SWIFT_EMIT_LOC_STRINGS = NO;
				SWIFT_VERSION = 5.0;
				TARGETED_DEVICE_FAMILY = "1,2";
				TEST_TARGET_NAME = Rxeos.io;
			};
			name = Release;
		};
/* End XCBuildConfiguration section */

/* Begin XCConfigurationList section */
		50E3201B282BAE8600B46865 /* Build configuration list for PBXProject "Rxeos.io" */ = {
			isa = XCConfigurationList;
			buildConfigurations = (
				50E32048282BAE8800B46865 /* Debug */,
				50E32049282BAE8800B46865 /* Release */,
			);
			defaultConfigurationIsVisible = 0;
			defaultConfigurationName = Release;
		};
		50E3204A282BAE8800B46865 /* Build configuration list for PBXNativeTarget "Rxeos.io" */ = {
			isa = XCConfigurationList;
			buildConfigurations = (
				50E3204B282BAE8800B46865 /* Debug */,
				50E3204C282BAE8800B46865 /* Release */,
			);
			defaultConfigurationIsVisible = 0;
			defaultConfigurationName = Release;
		};
		50E3204D282BAE8800B46865 /* Build configuration list for PBXNativeTarget "Rxeos.ioTests" */ = {
			isa = XCConfigurationList;
			buildConfigurations = (
				50E3204E282BAE8800B46865 /* Debug */,
				50E3204F282BAE8800B46865 /* Release */,
			);
			defaultConfigurationIsVisible = 0;
			defaultConfigurationName = Release;
		};
		50E32050282BAE8800B46865 /* Build configuration list for PBXNativeTarget "Rxeos.ioUITests" */ = {
			isa = XCConfigurationList;
			buildConfigurations = (
				50E32051282BAE8800B46865 /* Debug */,
				50E32052282BAE8800B46865 /* Release */,
			);
			defaultConfigurationIsVisible = 0;
			defaultConfigurationName = Release;
		};
/* End XCConfigurationList section */

/* Begin XCRemoteSwiftPackageReference section */
		50E32063282BB30600B46865 /* XCRemoteSwiftPackageReference "RxSwift" */ = {
			isa = XCRemoteSwiftPackageReference;
			repositoryURL = "https://github.com/ReactiveX/RxSwift.git";
			requirement = {
				kind = exactVersion;
				version = 6.5.0;
			};
		};
/* End XCRemoteSwiftPackageReference section */

/* Begin XCSwiftPackageProductDependency section */
		50E32066282BB30600B46865 /* RxCocoa */ = {
			isa = XCSwiftPackageProductDependency;
			package = 50E32063282BB30600B46865 /* XCRemoteSwiftPackageReference "RxSwift" */;
			productName = RxCocoa;
		};
		50E32068282BB30600B46865 /* RxSwift */ = {
			isa = XCSwiftPackageProductDependency;
			package = 50E32063282BB30600B46865 /* XCRemoteSwiftPackageReference "RxSwift" */;
			productName = RxSwift;
		};
		50E3206C282BB32100B46865 /* RxBlocking */ = {
			isa = XCSwiftPackageProductDependency;
			package = 50E32063282BB30600B46865 /* XCRemoteSwiftPackageReference "RxSwift" */;
			productName = RxBlocking;
		};
		50E3206E282BB32100B46865 /* RxTest */ = {
			isa = XCSwiftPackageProductDependency;
			package = 50E32063282BB30600B46865 /* XCRemoteSwiftPackageReference "RxSwift" */;
			productName = RxTest;
		};
/* End XCSwiftPackageProductDependency section */
	};
	rootObject = 50E32018282BAE8600B46865 /* Project object */;
}
